// !$*UTF8*$!
{
	archiveVersion = 1;
	classes = {
	};
	objectVersion = 46;
	objects = {

/* Begin PBXBuildFile section */
		A8152B411DD9E37D00ADEF53 /* WBBaseViewController.m in Sources */ = {isa = PBXBuildFile; fileRef = A8152B401DD9E37D00ADEF53 /* WBBaseViewController.m */; };
		A81949011E083D4E00EA5F40 /* WBVisitorView.m in Sources */ = {isa = PBXBuildFile; fileRef = A81949001E083D4E00EA5F40 /* WBVisitorView.m */; };
		A82754741E08F4B600C1ED18 /* WBOAuthViewController.m in Sources */ = {isa = PBXBuildFile; fileRef = A82754731E08F4B600C1ED18 /* WBOAuthViewController.m */; };
		A84ADA761DCDC99C0036BF0A /* main.m in Sources */ = {isa = PBXBuildFile; fileRef = A84ADA751DCDC99C0036BF0A /* main.m */; };
		A84ADA791DCDC99C0036BF0A /* AppDelegate.m in Sources */ = {isa = PBXBuildFile; fileRef = A84ADA781DCDC99C0036BF0A /* AppDelegate.m */; };
		A84ADA811DCDC99C0036BF0A /* Assets.xcassets in Resources */ = {isa = PBXBuildFile; fileRef = A84ADA801DCDC99C0036BF0A /* Assets.xcassets */; };
		A84ADA971DCDCDC50036BF0A /* WBMainViewController.m in Sources */ = {isa = PBXBuildFile; fileRef = A84ADA961DCDCDC50036BF0A /* WBMainViewController.m */; };
		A84ADAB21DCDCEBB0036BF0A /* NSArray+Log.m in Sources */ = {isa = PBXBuildFile; fileRef = A84ADA9B1DCDCEBB0036BF0A /* NSArray+Log.m */; };
		A84ADAB31DCDCEBB0036BF0A /* NSAttributedString+CZAdditon.m in Sources */ = {isa = PBXBuildFile; fileRef = A84ADA9D1DCDCEBB0036BF0A /* NSAttributedString+CZAdditon.m */; };
		A84ADAB41DCDCEBB0036BF0A /* NSObject+CZRuntime.m in Sources */ = {isa = PBXBuildFile; fileRef = A84ADA9F1DCDCEBB0036BF0A /* NSObject+CZRuntime.m */; };
		A84ADAB51DCDCEBB0036BF0A /* NSString+CZBase64.m in Sources */ = {isa = PBXBuildFile; fileRef = A84ADAA11DCDCEBB0036BF0A /* NSString+CZBase64.m */; };
		A84ADAB61DCDCEBB0036BF0A /* NSString+CZHash.m in Sources */ = {isa = PBXBuildFile; fileRef = A84ADAA31DCDCEBB0036BF0A /* NSString+CZHash.m */; };
		A84ADAB71DCDCEBB0036BF0A /* NSString+CZPath.m in Sources */ = {isa = PBXBuildFile; fileRef = A84ADAA51DCDCEBB0036BF0A /* NSString+CZPath.m */; };
		A84ADAB81DCDCEBB0036BF0A /* UIButton+CZAddition.m in Sources */ = {isa = PBXBuildFile; fileRef = A84ADAA71DCDCEBB0036BF0A /* UIButton+CZAddition.m */; };
		A84ADAB91DCDCEBB0036BF0A /* UIColor+CZAddition.m in Sources */ = {isa = PBXBuildFile; fileRef = A84ADAA91DCDCEBB0036BF0A /* UIColor+CZAddition.m */; };
		A84ADABA1DCDCEBB0036BF0A /* UILabel+CZAddition.m in Sources */ = {isa = PBXBuildFile; fileRef = A84ADAAB1DCDCEBB0036BF0A /* UILabel+CZAddition.m */; };
		A84ADABB1DCDCEBB0036BF0A /* UIScreen+CZAddition.m in Sources */ = {isa = PBXBuildFile; fileRef = A84ADAAD1DCDCEBB0036BF0A /* UIScreen+CZAddition.m */; };
		A84ADABC1DCDCEBB0036BF0A /* UIView+CZAddition.m in Sources */ = {isa = PBXBuildFile; fileRef = A84ADAAF1DCDCEBB0036BF0A /* UIView+CZAddition.m */; };
		A84ADABD1DCDCEBB0036BF0A /* UIViewController+CZAddition.m in Sources */ = {isa = PBXBuildFile; fileRef = A84ADAB11DCDCEBB0036BF0A /* UIViewController+CZAddition.m */; };
		A84ADAC01DCDCFDC0036BF0A /* WBHomeViewController.m in Sources */ = {isa = PBXBuildFile; fileRef = A84ADABF1DCDCFDC0036BF0A /* WBHomeViewController.m */; };
		A84ADAC31DCDCFED0036BF0A /* WBMessageViewController.m in Sources */ = {isa = PBXBuildFile; fileRef = A84ADAC21DCDCFED0036BF0A /* WBMessageViewController.m */; };
		A84ADAC61DCDD0210036BF0A /* WBDiscoverViewController.m in Sources */ = {isa = PBXBuildFile; fileRef = A84ADAC51DCDD0210036BF0A /* WBDiscoverViewController.m */; };
		A84ADAC91DCDD0350036BF0A /* WBProfileViewController.m in Sources */ = {isa = PBXBuildFile; fileRef = A84ADAC81DCDD0350036BF0A /* WBProfileViewController.m */; };
		A84ADACC1DCDD8720036BF0A /* WBNavigationController.m in Sources */ = {isa = PBXBuildFile; fileRef = A84ADACB1DCDD8720036BF0A /* WBNavigationController.m */; };
		A8D9214A1E0AF09B00AD7025 /* WBWelcomeViewController.m in Sources */ = {isa = PBXBuildFile; fileRef = A8D921491E0AF09B00AD7025 /* WBWelcomeViewController.m */; };
		A8D9214D1E0AFB0800AD7025 /* WBHomeStatusViewModel.m in Sources */ = {isa = PBXBuildFile; fileRef = A8D9214C1E0AFB0800AD7025 /* WBHomeStatusViewModel.m */; };
		A8E219791E09895400745D50 /* WBUserAccount.m in Sources */ = {isa = PBXBuildFile; fileRef = A8E219781E09895400745D50 /* WBUserAccount.m */; };
		A8E2197C1E098EBC00745D50 /* WBUserAccountViewModel.m in Sources */ = {isa = PBXBuildFile; fileRef = A8E2197B1E098EBC00745D50 /* WBUserAccountViewModel.m */; };
		A8E2197F1E09A02000745D50 /* WBNetworkTools.m in Sources */ = {isa = PBXBuildFile; fileRef = A8E2197E1E09A02000745D50 /* WBNetworkTools.m */; };
		B7AE7DC2EB4354027C6D6E96 /* libPods-LiuChaoWeibo.a in Frameworks */ = {isa = PBXBuildFile; fileRef = 12E6CC78D5C68FD44A93674C /* libPods-LiuChaoWeibo.a */; };
/* End PBXBuildFile section */

/* Begin PBXFileReference section */
		12E6CC78D5C68FD44A93674C /* libPods-LiuChaoWeibo.a */ = {isa = PBXFileReference; explicitFileType = archive.ar; includeInIndex = 0; path = "libPods-LiuChaoWeibo.a"; sourceTree = BUILT_PRODUCTS_DIR; };
		A8152B3F1DD9E37D00ADEF53 /* WBBaseViewController.h */ = {isa = PBXFileReference; fileEncoding = 4; lastKnownFileType = sourcecode.c.h; path = WBBaseViewController.h; sourceTree = "<group>"; };
		A8152B401DD9E37D00ADEF53 /* WBBaseViewController.m */ = {isa = PBXFileReference; fileEncoding = 4; lastKnownFileType = sourcecode.c.objc; path = WBBaseViewController.m; sourceTree = "<group>"; };
		A81948FF1E083D4E00EA5F40 /* WBVisitorView.h */ = {isa = PBXFileReference; fileEncoding = 4; lastKnownFileType = sourcecode.c.h; path = WBVisitorView.h; sourceTree = "<group>"; };
		A81949001E083D4E00EA5F40 /* WBVisitorView.m */ = {isa = PBXFileReference; fileEncoding = 4; lastKnownFileType = sourcecode.c.objc; path = WBVisitorView.m; sourceTree = "<group>"; };
		A82754721E08F4B600C1ED18 /* WBOAuthViewController.h */ = {isa = PBXFileReference; fileEncoding = 4; lastKnownFileType = sourcecode.c.h; path = WBOAuthViewController.h; sourceTree = "<group>"; };
		A82754731E08F4B600C1ED18 /* WBOAuthViewController.m */ = {isa = PBXFileReference; fileEncoding = 4; lastKnownFileType = sourcecode.c.objc; path = WBOAuthViewController.m; sourceTree = "<group>"; };
		A84ADA711DCDC99C0036BF0A /* LiuChaoWeibo.app */ = {isa = PBXFileReference; explicitFileType = wrapper.application; includeInIndex = 0; path = LiuChaoWeibo.app; sourceTree = BUILT_PRODUCTS_DIR; };
		A84ADA751DCDC99C0036BF0A /* main.m */ = {isa = PBXFileReference; lastKnownFileType = sourcecode.c.objc; path = main.m; sourceTree = "<group>"; };
		A84ADA771DCDC99C0036BF0A /* AppDelegate.h */ = {isa = PBXFileReference; lastKnownFileType = sourcecode.c.h; path = AppDelegate.h; sourceTree = "<group>"; };
		A84ADA781DCDC99C0036BF0A /* AppDelegate.m */ = {isa = PBXFileReference; lastKnownFileType = sourcecode.c.objc; path = AppDelegate.m; sourceTree = "<group>"; };
		A84ADA801DCDC99C0036BF0A /* Assets.xcassets */ = {isa = PBXFileReference; lastKnownFileType = folder.assetcatalog; path = Assets.xcassets; sourceTree = "<group>"; };
		A84ADA851DCDC99C0036BF0A /* Info.plist */ = {isa = PBXFileReference; lastKnownFileType = text.plist.xml; path = Info.plist; sourceTree = "<group>"; };
		A84ADA951DCDCDC50036BF0A /* WBMainViewController.h */ = {isa = PBXFileReference; fileEncoding = 4; lastKnownFileType = sourcecode.c.h; path = WBMainViewController.h; sourceTree = "<group>"; };
		A84ADA961DCDCDC50036BF0A /* WBMainViewController.m */ = {isa = PBXFileReference; fileEncoding = 4; lastKnownFileType = sourcecode.c.objc; path = WBMainViewController.m; sourceTree = "<group>"; };
		A84ADA991DCDCEBB0036BF0A /* CZAdditions.h */ = {isa = PBXFileReference; fileEncoding = 4; lastKnownFileType = sourcecode.c.h; path = CZAdditions.h; sourceTree = "<group>"; };
		A84ADA9A1DCDCEBB0036BF0A /* NSArray+Log.h */ = {isa = PBXFileReference; fileEncoding = 4; lastKnownFileType = sourcecode.c.h; path = "NSArray+Log.h"; sourceTree = "<group>"; };
		A84ADA9B1DCDCEBB0036BF0A /* NSArray+Log.m */ = {isa = PBXFileReference; fileEncoding = 4; lastKnownFileType = sourcecode.c.objc; path = "NSArray+Log.m"; sourceTree = "<group>"; };
		A84ADA9C1DCDCEBB0036BF0A /* NSAttributedString+CZAdditon.h */ = {isa = PBXFileReference; fileEncoding = 4; lastKnownFileType = sourcecode.c.h; path = "NSAttributedString+CZAdditon.h"; sourceTree = "<group>"; };
		A84ADA9D1DCDCEBB0036BF0A /* NSAttributedString+CZAdditon.m */ = {isa = PBXFileReference; fileEncoding = 4; lastKnownFileType = sourcecode.c.objc; path = "NSAttributedString+CZAdditon.m"; sourceTree = "<group>"; };
		A84ADA9E1DCDCEBB0036BF0A /* NSObject+CZRuntime.h */ = {isa = PBXFileReference; fileEncoding = 4; lastKnownFileType = sourcecode.c.h; path = "NSObject+CZRuntime.h"; sourceTree = "<group>"; };
		A84ADA9F1DCDCEBB0036BF0A /* NSObject+CZRuntime.m */ = {isa = PBXFileReference; fileEncoding = 4; lastKnownFileType = sourcecode.c.objc; path = "NSObject+CZRuntime.m"; sourceTree = "<group>"; };
		A84ADAA01DCDCEBB0036BF0A /* NSString+CZBase64.h */ = {isa = PBXFileReference; fileEncoding = 4; lastKnownFileType = sourcecode.c.h; path = "NSString+CZBase64.h"; sourceTree = "<group>"; };
		A84ADAA11DCDCEBB0036BF0A /* NSString+CZBase64.m */ = {isa = PBXFileReference; fileEncoding = 4; lastKnownFileType = sourcecode.c.objc; path = "NSString+CZBase64.m"; sourceTree = "<group>"; };
		A84ADAA21DCDCEBB0036BF0A /* NSString+CZHash.h */ = {isa = PBXFileReference; fileEncoding = 4; lastKnownFileType = sourcecode.c.h; path = "NSString+CZHash.h"; sourceTree = "<group>"; };
		A84ADAA31DCDCEBB0036BF0A /* NSString+CZHash.m */ = {isa = PBXFileReference; fileEncoding = 4; lastKnownFileType = sourcecode.c.objc; path = "NSString+CZHash.m"; sourceTree = "<group>"; };
		A84ADAA41DCDCEBB0036BF0A /* NSString+CZPath.h */ = {isa = PBXFileReference; fileEncoding = 4; lastKnownFileType = sourcecode.c.h; path = "NSString+CZPath.h"; sourceTree = "<group>"; };
		A84ADAA51DCDCEBB0036BF0A /* NSString+CZPath.m */ = {isa = PBXFileReference; fileEncoding = 4; lastKnownFileType = sourcecode.c.objc; path = "NSString+CZPath.m"; sourceTree = "<group>"; };
		A84ADAA61DCDCEBB0036BF0A /* UIButton+CZAddition.h */ = {isa = PBXFileReference; fileEncoding = 4; lastKnownFileType = sourcecode.c.h; path = "UIButton+CZAddition.h"; sourceTree = "<group>"; };
		A84ADAA71DCDCEBB0036BF0A /* UIButton+CZAddition.m */ = {isa = PBXFileReference; fileEncoding = 4; lastKnownFileType = sourcecode.c.objc; path = "UIButton+CZAddition.m"; sourceTree = "<group>"; };
		A84ADAA81DCDCEBB0036BF0A /* UIColor+CZAddition.h */ = {isa = PBXFileReference; fileEncoding = 4; lastKnownFileType = sourcecode.c.h; path = "UIColor+CZAddition.h"; sourceTree = "<group>"; };
		A84ADAA91DCDCEBB0036BF0A /* UIColor+CZAddition.m */ = {isa = PBXFileReference; fileEncoding = 4; lastKnownFileType = sourcecode.c.objc; path = "UIColor+CZAddition.m"; sourceTree = "<group>"; };
		A84ADAAA1DCDCEBB0036BF0A /* UILabel+CZAddition.h */ = {isa = PBXFileReference; fileEncoding = 4; lastKnownFileType = sourcecode.c.h; path = "UILabel+CZAddition.h"; sourceTree = "<group>"; };
		A84ADAAB1DCDCEBB0036BF0A /* UILabel+CZAddition.m */ = {isa = PBXFileReference; fileEncoding = 4; lastKnownFileType = sourcecode.c.objc; path = "UILabel+CZAddition.m"; sourceTree = "<group>"; };
		A84ADAAC1DCDCEBB0036BF0A /* UIScreen+CZAddition.h */ = {isa = PBXFileReference; fileEncoding = 4; lastKnownFileType = sourcecode.c.h; path = "UIScreen+CZAddition.h"; sourceTree = "<group>"; };
		A84ADAAD1DCDCEBB0036BF0A /* UIScreen+CZAddition.m */ = {isa = PBXFileReference; fileEncoding = 4; lastKnownFileType = sourcecode.c.objc; path = "UIScreen+CZAddition.m"; sourceTree = "<group>"; };
		A84ADAAE1DCDCEBB0036BF0A /* UIView+CZAddition.h */ = {isa = PBXFileReference; fileEncoding = 4; lastKnownFileType = sourcecode.c.h; path = "UIView+CZAddition.h"; sourceTree = "<group>"; };
		A84ADAAF1DCDCEBB0036BF0A /* UIView+CZAddition.m */ = {isa = PBXFileReference; fileEncoding = 4; lastKnownFileType = sourcecode.c.objc; path = "UIView+CZAddition.m"; sourceTree = "<group>"; };
		A84ADAB01DCDCEBB0036BF0A /* UIViewController+CZAddition.h */ = {isa = PBXFileReference; fileEncoding = 4; lastKnownFileType = sourcecode.c.h; path = "UIViewController+CZAddition.h"; sourceTree = "<group>"; };
		A84ADAB11DCDCEBB0036BF0A /* UIViewController+CZAddition.m */ = {isa = PBXFileReference; fileEncoding = 4; lastKnownFileType = sourcecode.c.objc; path = "UIViewController+CZAddition.m"; sourceTree = "<group>"; };
		A84ADABE1DCDCFDC0036BF0A /* WBHomeViewController.h */ = {isa = PBXFileReference; fileEncoding = 4; lastKnownFileType = sourcecode.c.h; path = WBHomeViewController.h; sourceTree = "<group>"; };
		A84ADABF1DCDCFDC0036BF0A /* WBHomeViewController.m */ = {isa = PBXFileReference; fileEncoding = 4; lastKnownFileType = sourcecode.c.objc; path = WBHomeViewController.m; sourceTree = "<group>"; };
		A84ADAC11DCDCFED0036BF0A /* WBMessageViewController.h */ = {isa = PBXFileReference; fileEncoding = 4; lastKnownFileType = sourcecode.c.h; path = WBMessageViewController.h; sourceTree = "<group>"; };
		A84ADAC21DCDCFED0036BF0A /* WBMessageViewController.m */ = {isa = PBXFileReference; fileEncoding = 4; lastKnownFileType = sourcecode.c.objc; path = WBMessageViewController.m; sourceTree = "<group>"; };
		A84ADAC41DCDD0210036BF0A /* WBDiscoverViewController.h */ = {isa = PBXFileReference; fileEncoding = 4; lastKnownFileType = sourcecode.c.h; path = WBDiscoverViewController.h; sourceTree = "<group>"; };
		A84ADAC51DCDD0210036BF0A /* WBDiscoverViewController.m */ = {isa = PBXFileReference; fileEncoding = 4; lastKnownFileType = sourcecode.c.objc; path = WBDiscoverViewController.m; sourceTree = "<group>"; };
		A84ADAC71DCDD0350036BF0A /* WBProfileViewController.h */ = {isa = PBXFileReference; fileEncoding = 4; lastKnownFileType = sourcecode.c.h; path = WBProfileViewController.h; sourceTree = "<group>"; };
		A84ADAC81DCDD0350036BF0A /* WBProfileViewController.m */ = {isa = PBXFileReference; fileEncoding = 4; lastKnownFileType = sourcecode.c.objc; path = WBProfileViewController.m; sourceTree = "<group>"; };
		A84ADACA1DCDD8720036BF0A /* WBNavigationController.h */ = {isa = PBXFileReference; fileEncoding = 4; lastKnownFileType = sourcecode.c.h; path = WBNavigationController.h; sourceTree = "<group>"; };
		A84ADACB1DCDD8720036BF0A /* WBNavigationController.m */ = {isa = PBXFileReference; fileEncoding = 4; lastKnownFileType = sourcecode.c.objc; path = WBNavigationController.m; sourceTree = "<group>"; };
		A8D921481E0AF09B00AD7025 /* WBWelcomeViewController.h */ = {isa = PBXFileReference; fileEncoding = 4; lastKnownFileType = sourcecode.c.h; path = WBWelcomeViewController.h; sourceTree = "<group>"; };
		A8D921491E0AF09B00AD7025 /* WBWelcomeViewController.m */ = {isa = PBXFileReference; fileEncoding = 4; lastKnownFileType = sourcecode.c.objc; path = WBWelcomeViewController.m; sourceTree = "<group>"; };
		A8D9214B1E0AFB0800AD7025 /* WBHomeStatusViewModel.h */ = {isa = PBXFileReference; fileEncoding = 4; lastKnownFileType = sourcecode.c.h; path = WBHomeStatusViewModel.h; sourceTree = "<group>"; };
		A8D9214C1E0AFB0800AD7025 /* WBHomeStatusViewModel.m */ = {isa = PBXFileReference; fileEncoding = 4; lastKnownFileType = sourcecode.c.objc; path = WBHomeStatusViewModel.m; sourceTree = "<group>"; };
		A8E219771E09895400745D50 /* WBUserAccount.h */ = {isa = PBXFileReference; fileEncoding = 4; lastKnownFileType = sourcecode.c.h; path = WBUserAccount.h; sourceTree = "<group>"; };
		A8E219781E09895400745D50 /* WBUserAccount.m */ = {isa = PBXFileReference; fileEncoding = 4; lastKnownFileType = sourcecode.c.objc; path = WBUserAccount.m; sourceTree = "<group>"; };
		A8E2197A1E098EBC00745D50 /* WBUserAccountViewModel.h */ = {isa = PBXFileReference; fileEncoding = 4; lastKnownFileType = sourcecode.c.h; path = WBUserAccountViewModel.h; sourceTree = "<group>"; };
		A8E2197B1E098EBC00745D50 /* WBUserAccountViewModel.m */ = {isa = PBXFileReference; fileEncoding = 4; lastKnownFileType = sourcecode.c.objc; path = WBUserAccountViewModel.m; sourceTree = "<group>"; };
		A8E2197D1E09A02000745D50 /* WBNetworkTools.h */ = {isa = PBXFileReference; fileEncoding = 4; lastKnownFileType = sourcecode.c.h; path = WBNetworkTools.h; sourceTree = "<group>"; };
		A8E2197E1E09A02000745D50 /* WBNetworkTools.m */ = {isa = PBXFileReference; fileEncoding = 4; lastKnownFileType = sourcecode.c.objc; path = WBNetworkTools.m; sourceTree = "<group>"; };
		B00750080AFBE09C06F20B46 /* Pods-LiuChaoWeibo.release.xcconfig */ = {isa = PBXFileReference; includeInIndex = 1; lastKnownFileType = text.xcconfig; name = "Pods-LiuChaoWeibo.release.xcconfig"; path = "Pods/Target Support Files/Pods-LiuChaoWeibo/Pods-LiuChaoWeibo.release.xcconfig"; sourceTree = "<group>"; };
		EA19938CC529974DA5BC139C /* Pods-LiuChaoWeibo.debug.xcconfig */ = {isa = PBXFileReference; includeInIndex = 1; lastKnownFileType = text.xcconfig; name = "Pods-LiuChaoWeibo.debug.xcconfig"; path = "Pods/Target Support Files/Pods-LiuChaoWeibo/Pods-LiuChaoWeibo.debug.xcconfig"; sourceTree = "<group>"; };
/* End PBXFileReference section */

/* Begin PBXFrameworksBuildPhase section */
		A84ADA6E1DCDC99C0036BF0A /* Frameworks */ = {
			isa = PBXFrameworksBuildPhase;
			buildActionMask = 2147483647;
			files = (
				B7AE7DC2EB4354027C6D6E96 /* libPods-LiuChaoWeibo.a in Frameworks */,
			);
			runOnlyForDeploymentPostprocessing = 0;
		};
/* End PBXFrameworksBuildPhase section */

/* Begin PBXGroup section */
		5D1CD5AE5EA3401388E1B4A6 /* Pods */ = {
			isa = PBXGroup;
			children = (
				EA19938CC529974DA5BC139C /* Pods-LiuChaoWeibo.debug.xcconfig */,
				B00750080AFBE09C06F20B46 /* Pods-LiuChaoWeibo.release.xcconfig */,
			);
			name = Pods;
			sourceTree = "<group>";
		};
		9CEC60F6D1615698C80DC75D /* Frameworks */ = {
			isa = PBXGroup;
			children = (
				12E6CC78D5C68FD44A93674C /* libPods-LiuChaoWeibo.a */,
			);
			name = Frameworks;
			sourceTree = "<group>";
		};
		A81948FE1E083D2B00EA5F40 /* VisitorView */ = {
			isa = PBXGroup;
			children = (
				A81948FF1E083D4E00EA5F40 /* WBVisitorView.h */,
				A81949001E083D4E00EA5F40 /* WBVisitorView.m */,
			);
			path = VisitorView;
			sourceTree = "<group>";
		};
		A82754711E08F48700C1ED18 /* OAuth */ = {
			isa = PBXGroup;
			children = (
				A82754721E08F4B600C1ED18 /* WBOAuthViewController.h */,
				A82754731E08F4B600C1ED18 /* WBOAuthViewController.m */,
			);
			path = OAuth;
			sourceTree = "<group>";
		};
		A84ADA681DCDC99C0036BF0A = {
			isa = PBXGroup;
			children = (
				A84ADA731DCDC99C0036BF0A /* LiuChaoWeibo */,
				A84ADA721DCDC99C0036BF0A /* Products */,
				5D1CD5AE5EA3401388E1B4A6 /* Pods */,
				9CEC60F6D1615698C80DC75D /* Frameworks */,
			);
			sourceTree = "<group>";
		};
		A84ADA721DCDC99C0036BF0A /* Products */ = {
			isa = PBXGroup;
			children = (
				A84ADA711DCDC99C0036BF0A /* LiuChaoWeibo.app */,
			);
			name = Products;
			sourceTree = "<group>";
		};
		A84ADA731DCDC99C0036BF0A /* LiuChaoWeibo */ = {
			isa = PBXGroup;
			children = (
				A84ADA8B1DCDCD3C0036BF0A /* Classes */,
				A84ADA741DCDC99C0036BF0A /* Supporting Files */,
			);
			path = LiuChaoWeibo;
			sourceTree = "<group>";
		};
		A84ADA741DCDC99C0036BF0A /* Supporting Files */ = {
			isa = PBXGroup;
			children = (
				A84ADA771DCDC99C0036BF0A /* AppDelegate.h */,
				A84ADA781DCDC99C0036BF0A /* AppDelegate.m */,
				A84ADA801DCDC99C0036BF0A /* Assets.xcassets */,
				A84ADA851DCDC99C0036BF0A /* Info.plist */,
				A84ADA751DCDC99C0036BF0A /* main.m */,
			);
			name = "Supporting Files";
			sourceTree = "<group>";
		};
		A84ADA8B1DCDCD3C0036BF0A /* Classes */ = {
			isa = PBXGroup;
			children = (
				A84ADA8E1DCDCD3C0036BF0A /* View */,
				A84ADA941DCDCD3C0036BF0A /* ViewModel */,
				A84ADA8C1DCDCD3C0036BF0A /* Model */,
				A84ADA8D1DCDCD3C0036BF0A /* Tools */,
			);
			path = Classes;
			sourceTree = "<group>";
		};
		A84ADA8C1DCDCD3C0036BF0A /* Model */ = {
			isa = PBXGroup;
			children = (
				A8E219771E09895400745D50 /* WBUserAccount.h */,
				A8E219781E09895400745D50 /* WBUserAccount.m */,
			);
			path = Model;
			sourceTree = "<group>";
		};
		A84ADA8D1DCDCD3C0036BF0A /* Tools */ = {
			isa = PBXGroup;
			children = (
				A8E219731E09862100745D50 /* Network */,
				A84ADA981DCDCEBB0036BF0A /* Additions */,
			);
			path = Tools;
			sourceTree = "<group>";
		};
		A84ADA8E1DCDCD3C0036BF0A /* View */ = {
			isa = PBXGroup;
			children = (
				A8D921471E0AF08000AD7025 /* Welcome */,
				A82754711E08F48700C1ED18 /* OAuth */,
				A84ADA911DCDCD3C0036BF0A /* Main */,
				A84ADA901DCDCD3C0036BF0A /* Home */,
				A84ADA921DCDCD3C0036BF0A /* Message */,
				A84ADA8F1DCDCD3C0036BF0A /* Discover */,
				A84ADA931DCDCD3C0036BF0A /* Profile */,
			);
			path = View;
			sourceTree = "<group>";
		};
		A84ADA8F1DCDCD3C0036BF0A /* Discover */ = {
			isa = PBXGroup;
			children = (
				A84ADAC41DCDD0210036BF0A /* WBDiscoverViewController.h */,
				A84ADAC51DCDD0210036BF0A /* WBDiscoverViewController.m */,
			);
			path = Discover;
			sourceTree = "<group>";
		};
		A84ADA901DCDCD3C0036BF0A /* Home */ = {
			isa = PBXGroup;
			children = (
				A84ADABE1DCDCFDC0036BF0A /* WBHomeViewController.h */,
				A84ADABF1DCDCFDC0036BF0A /* WBHomeViewController.m */,
			);
			path = Home;
			sourceTree = "<group>";
		};
		A84ADA911DCDCD3C0036BF0A /* Main */ = {
			isa = PBXGroup;
			children = (
				A81948FE1E083D2B00EA5F40 /* VisitorView */,
				A84ADA951DCDCDC50036BF0A /* WBMainViewController.h */,
				A84ADA961DCDCDC50036BF0A /* WBMainViewController.m */,
				A84ADACA1DCDD8720036BF0A /* WBNavigationController.h */,
				A84ADACB1DCDD8720036BF0A /* WBNavigationController.m */,
				A8152B3F1DD9E37D00ADEF53 /* WBBaseViewController.h */,
				A8152B401DD9E37D00ADEF53 /* WBBaseViewController.m */,
			);
			path = Main;
			sourceTree = "<group>";
		};
		A84ADA921DCDCD3C0036BF0A /* Message */ = {
			isa = PBXGroup;
			children = (
				A84ADAC11DCDCFED0036BF0A /* WBMessageViewController.h */,
				A84ADAC21DCDCFED0036BF0A /* WBMessageViewController.m */,
			);
			path = Message;
			sourceTree = "<group>";
		};
		A84ADA931DCDCD3C0036BF0A /* Profile */ = {
			isa = PBXGroup;
			children = (
				A84ADAC71DCDD0350036BF0A /* WBProfileViewController.h */,
				A84ADAC81DCDD0350036BF0A /* WBProfileViewController.m */,
			);
			path = Profile;
			sourceTree = "<group>";
		};
		A84ADA941DCDCD3C0036BF0A /* ViewModel */ = {
			isa = PBXGroup;
			children = (
				A8E2197A1E098EBC00745D50 /* WBUserAccountViewModel.h */,
				A8E2197B1E098EBC00745D50 /* WBUserAccountViewModel.m */,
				A8D9214B1E0AFB0800AD7025 /* WBHomeStatusViewModel.h */,
				A8D9214C1E0AFB0800AD7025 /* WBHomeStatusViewModel.m */,
			);
			path = ViewModel;
			sourceTree = "<group>";
		};
		A84ADA981DCDCEBB0036BF0A /* Additions */ = {
			isa = PBXGroup;
			children = (
				A84ADA991DCDCEBB0036BF0A /* CZAdditions.h */,
				A84ADA9A1DCDCEBB0036BF0A /* NSArray+Log.h */,
				A84ADA9B1DCDCEBB0036BF0A /* NSArray+Log.m */,
				A84ADA9C1DCDCEBB0036BF0A /* NSAttributedString+CZAdditon.h */,
				A84ADA9D1DCDCEBB0036BF0A /* NSAttributedString+CZAdditon.m */,
				A84ADA9E1DCDCEBB0036BF0A /* NSObject+CZRuntime.h */,
				A84ADA9F1DCDCEBB0036BF0A /* NSObject+CZRuntime.m */,
				A84ADAA01DCDCEBB0036BF0A /* NSString+CZBase64.h */,
				A84ADAA11DCDCEBB0036BF0A /* NSString+CZBase64.m */,
				A84ADAA21DCDCEBB0036BF0A /* NSString+CZHash.h */,
				A84ADAA31DCDCEBB0036BF0A /* NSString+CZHash.m */,
				A84ADAA41DCDCEBB0036BF0A /* NSString+CZPath.h */,
				A84ADAA51DCDCEBB0036BF0A /* NSString+CZPath.m */,
				A84ADAA61DCDCEBB0036BF0A /* UIButton+CZAddition.h */,
				A84ADAA71DCDCEBB0036BF0A /* UIButton+CZAddition.m */,
				A84ADAA81DCDCEBB0036BF0A /* UIColor+CZAddition.h */,
				A84ADAA91DCDCEBB0036BF0A /* UIColor+CZAddition.m */,
				A84ADAAA1DCDCEBB0036BF0A /* UILabel+CZAddition.h */,
				A84ADAAB1DCDCEBB0036BF0A /* UILabel+CZAddition.m */,
				A84ADAAC1DCDCEBB0036BF0A /* UIScreen+CZAddition.h */,
				A84ADAAD1DCDCEBB0036BF0A /* UIScreen+CZAddition.m */,
				A84ADAAE1DCDCEBB0036BF0A /* UIView+CZAddition.h */,
				A84ADAAF1DCDCEBB0036BF0A /* UIView+CZAddition.m */,
				A84ADAB01DCDCEBB0036BF0A /* UIViewController+CZAddition.h */,
				A84ADAB11DCDCEBB0036BF0A /* UIViewController+CZAddition.m */,
			);
			path = Additions;
			sourceTree = "<group>";
		};
		A8D921471E0AF08000AD7025 /* Welcome */ = {
			isa = PBXGroup;
			children = (
				A8D921481E0AF09B00AD7025 /* WBWelcomeViewController.h */,
				A8D921491E0AF09B00AD7025 /* WBWelcomeViewController.m */,
			);
			path = Welcome;
			sourceTree = "<group>";
		};
		A8E219731E09862100745D50 /* Network */ = {
			isa = PBXGroup;
			children = (
				A8E2197D1E09A02000745D50 /* WBNetworkTools.h */,
				A8E2197E1E09A02000745D50 /* WBNetworkTools.m */,
			);
			path = Network;
			sourceTree = "<group>";
		};
/* End PBXGroup section */

/* Begin PBXNativeTarget section */
		A84ADA701DCDC99C0036BF0A /* LiuChaoWeibo */ = {
			isa = PBXNativeTarget;
			buildConfigurationList = A84ADA881DCDC99C0036BF0A /* Build configuration list for PBXNativeTarget "LiuChaoWeibo" */;
			buildPhases = (
				AF14D494B61461782D9A382F /* Check Pods Manifest.lock */,
				A84ADA6D1DCDC99C0036BF0A /* Sources */,
				A84ADA6E1DCDC99C0036BF0A /* Frameworks */,
				A84ADA6F1DCDC99C0036BF0A /* Resources */,
				995082D78F2520803BA6D534 /* Embed Pods Frameworks */,
				59CEC6E43B1D7B89314EE3BB /* Copy Pods Resources */,
			);
			buildRules = (
			);
			dependencies = (
			);
			name = LiuChaoWeibo;
			productName = LiuChaoWeibo;
			productReference = A84ADA711DCDC99C0036BF0A /* LiuChaoWeibo.app */;
			productType = "com.apple.product-type.application";
		};
/* End PBXNativeTarget section */

/* Begin PBXProject section */
		A84ADA691DCDC99C0036BF0A /* Project object */ = {
			isa = PBXProject;
			attributes = {
				CLASSPREFIX = WB;
				LastUpgradeCheck = 0810;
				ORGANIZATIONNAME = apple;
				TargetAttributes = {
					A84ADA701DCDC99C0036BF0A = {
						CreatedOnToolsVersion = 8.1;
						ProvisioningStyle = Automatic;
					};
				};
			};
			buildConfigurationList = A84ADA6C1DCDC99C0036BF0A /* Build configuration list for PBXProject "LiuChaoWeibo" */;
			compatibilityVersion = "Xcode 3.2";
			developmentRegion = English;
			hasScannedForEncodings = 0;
			knownRegions = (
				en,
				Base,
			);
			mainGroup = A84ADA681DCDC99C0036BF0A;
			productRefGroup = A84ADA721DCDC99C0036BF0A /* Products */;
			projectDirPath = "";
			projectRoot = "";
			targets = (
				A84ADA701DCDC99C0036BF0A /* LiuChaoWeibo */,
			);
		};
/* End PBXProject section */

/* Begin PBXResourcesBuildPhase section */
		A84ADA6F1DCDC99C0036BF0A /* Resources */ = {
			isa = PBXResourcesBuildPhase;
			buildActionMask = 2147483647;
			files = (
				A84ADA811DCDC99C0036BF0A /* Assets.xcassets in Resources */,
			);
			runOnlyForDeploymentPostprocessing = 0;
		};
/* End PBXResourcesBuildPhase section */

/* Begin PBXShellScriptBuildPhase section */
		59CEC6E43B1D7B89314EE3BB /* Copy Pods Resources */ = {
			isa = PBXShellScriptBuildPhase;
			buildActionMask = 2147483647;
			files = (
			);
			inputPaths = (
			);
			name = "Copy Pods Resources";
			outputPaths = (
			);
			runOnlyForDeploymentPostprocessing = 0;
			shellPath = /bin/sh;
			shellScript = "\"${SRCROOT}/Pods/Target Support Files/Pods-LiuChaoWeibo/Pods-LiuChaoWeibo-resources.sh\"\n";
			showEnvVarsInLog = 0;
		};
		995082D78F2520803BA6D534 /* Embed Pods Frameworks */ = {
			isa = PBXShellScriptBuildPhase;
			buildActionMask = 2147483647;
			files = (
			);
			inputPaths = (
			);
			name = "Embed Pods Frameworks";
			outputPaths = (
			);
			runOnlyForDeploymentPostprocessing = 0;
			shellPath = /bin/sh;
			shellScript = "\"${SRCROOT}/Pods/Target Support Files/Pods-LiuChaoWeibo/Pods-LiuChaoWeibo-frameworks.sh\"\n";
			showEnvVarsInLog = 0;
		};
		AF14D494B61461782D9A382F /* Check Pods Manifest.lock */ = {
			isa = PBXShellScriptBuildPhase;
			buildActionMask = 2147483647;
			files = (
			);
			inputPaths = (
			);
			name = "Check Pods Manifest.lock";
			outputPaths = (
			);
			runOnlyForDeploymentPostprocessing = 0;
			shellPath = /bin/sh;
			shellScript = "diff \"${PODS_ROOT}/../Podfile.lock\" \"${PODS_ROOT}/Manifest.lock\" > /dev/null\nif [[ $? != 0 ]] ; then\n    cat << EOM\nerror: The sandbox is not in sync with the Podfile.lock. Run 'pod install' or update your CocoaPods installation.\nEOM\n    exit 1\nfi\n";
			showEnvVarsInLog = 0;
		};
/* End PBXShellScriptBuildPhase section */

/* Begin PBXSourcesBuildPhase section */
		A84ADA6D1DCDC99C0036BF0A /* Sources */ = {
			isa = PBXSourcesBuildPhase;
			buildActionMask = 2147483647;
			files = (
				A84ADABD1DCDCEBB0036BF0A /* UIViewController+CZAddition.m in Sources */,
				A8E2197F1E09A02000745D50 /* WBNetworkTools.m in Sources */,
				A84ADAB61DCDCEBB0036BF0A /* NSString+CZHash.m in Sources */,
				A84ADAC31DCDCFED0036BF0A /* WBMessageViewController.m in Sources */,
				A84ADAC01DCDCFDC0036BF0A /* WBHomeViewController.m in Sources */,
				A84ADA791DCDC99C0036BF0A /* AppDelegate.m in Sources */,
				A84ADAB81DCDCEBB0036BF0A /* UIButton+CZAddition.m in Sources */,
				A84ADAB21DCDCEBB0036BF0A /* NSArray+Log.m in Sources */,
				A8D9214D1E0AFB0800AD7025 /* WBHomeStatusViewModel.m in Sources */,
				A8E219791E09895400745D50 /* WBUserAccount.m in Sources */,
				A84ADAB31DCDCEBB0036BF0A /* NSAttributedString+CZAdditon.m in Sources */,
				A81949011E083D4E00EA5F40 /* WBVisitorView.m in Sources */,
				A84ADACC1DCDD8720036BF0A /* WBNavigationController.m in Sources */,
				A84ADAB71DCDCEBB0036BF0A /* NSString+CZPath.m in Sources */,
				A8E2197C1E098EBC00745D50 /* WBUserAccountViewModel.m in Sources */,
				A84ADAB51DCDCEBB0036BF0A /* NSString+CZBase64.m in Sources */,
				A84ADAB91DCDCEBB0036BF0A /* UIColor+CZAddition.m in Sources */,
				A84ADAC91DCDD0350036BF0A /* WBProfileViewController.m in Sources */,
				A84ADA971DCDCDC50036BF0A /* WBMainViewController.m in Sources */,
				A82754741E08F4B600C1ED18 /* WBOAuthViewController.m in Sources */,
				A84ADAC61DCDD0210036BF0A /* WBDiscoverViewController.m in Sources */,
				A84ADABA1DCDCEBB0036BF0A /* UILabel+CZAddition.m in Sources */,
				A84ADA761DCDC99C0036BF0A /* main.m in Sources */,
				A84ADABB1DCDCEBB0036BF0A /* UIScreen+CZAddition.m in Sources */,
				A8D9214A1E0AF09B00AD7025 /* WBWelcomeViewController.m in Sources */,
				A84ADAB41DCDCEBB0036BF0A /* NSObject+CZRuntime.m in Sources */,
				A84ADABC1DCDCEBB0036BF0A /* UIView+CZAddition.m in Sources */,
				A8152B411DD9E37D00ADEF53 /* WBBaseViewController.m in Sources */,
			);
			runOnlyForDeploymentPostprocessing = 0;
		};
/* End PBXSourcesBuildPhase section */

/* Begin XCBuildConfiguration section */
		A84ADA861DCDC99C0036BF0A /* Debug */ = {
			isa = XCBuildConfiguration;
			buildSettings = {
				ALWAYS_SEARCH_USER_PATHS = NO;
				CLANG_ANALYZER_NONNULL = YES;
				CLANG_CXX_LANGUAGE_STANDARD = "gnu++0x";
				CLANG_CXX_LIBRARY = "libc++";
				CLANG_ENABLE_MODULES = YES;
				CLANG_ENABLE_OBJC_ARC = YES;
				CLANG_WARN_BOOL_CONVERSION = YES;
				CLANG_WARN_CONSTANT_CONVERSION = YES;
				CLANG_WARN_DIRECT_OBJC_ISA_USAGE = YES_ERROR;
				CLANG_WARN_DOCUMENTATION_COMMENTS = YES;
				CLANG_WARN_EMPTY_BODY = YES;
				CLANG_WARN_ENUM_CONVERSION = YES;
				CLANG_WARN_INFINITE_RECURSION = YES;
				CLANG_WARN_INT_CONVERSION = YES;
				CLANG_WARN_OBJC_ROOT_CLASS = YES_ERROR;
				CLANG_WARN_SUSPICIOUS_MOVES = YES;
				CLANG_WARN_UNREACHABLE_CODE = YES;
				CLANG_WARN__DUPLICATE_METHOD_MATCH = YES;
				"CODE_SIGN_IDENTITY[sdk=iphoneos*]" = "iPhone Developer";
				COPY_PHASE_STRIP = NO;
				DEBUG_INFORMATION_FORMAT = dwarf;
				ENABLE_STRICT_OBJC_MSGSEND = YES;
				ENABLE_TESTABILITY = YES;
				GCC_C_LANGUAGE_STANDARD = gnu99;
				GCC_DYNAMIC_NO_PIC = NO;
				GCC_NO_COMMON_BLOCKS = YES;
				GCC_OPTIMIZATION_LEVEL = 0;
				GCC_PREPROCESSOR_DEFINITIONS = (
					"DEBUG=1",
					"$(inherited)",
				);
				GCC_WARN_64_TO_32_BIT_CONVERSION = YES;
				GCC_WARN_ABOUT_RETURN_TYPE = YES_ERROR;
				GCC_WARN_UNDECLARED_SELECTOR = YES;
				GCC_WARN_UNINITIALIZED_AUTOS = YES_AGGRESSIVE;
				GCC_WARN_UNUSED_FUNCTION = YES;
				GCC_WARN_UNUSED_VARIABLE = YES;
				IPHONEOS_DEPLOYMENT_TARGET = 10.1;
				MTL_ENABLE_DEBUG_INFO = YES;
				ONLY_ACTIVE_ARCH = YES;
				SDKROOT = iphoneos;
			};
			name = Debug;
		};
		A84ADA871DCDC99C0036BF0A /* Release */ = {
			isa = XCBuildConfiguration;
			buildSettings = {
				ALWAYS_SEARCH_USER_PATHS = NO;
				CLANG_ANALYZER_NONNULL = YES;
				CLANG_CXX_LANGUAGE_STANDARD = "gnu++0x";
				CLANG_CXX_LIBRARY = "libc++";
				CLANG_ENABLE_MODULES = YES;
				CLANG_ENABLE_OBJC_ARC = YES;
				CLANG_WARN_BOOL_CONVERSION = YES;
				CLANG_WARN_CONSTANT_CONVERSION = YES;
				CLANG_WARN_DIRECT_OBJC_ISA_USAGE = YES_ERROR;
				CLANG_WARN_DOCUMENTATION_COMMENTS = YES;
				CLANG_WARN_EMPTY_BODY = YES;
				CLANG_WARN_ENUM_CONVERSION = YES;
				CLANG_WARN_INFINITE_RECURSION = YES;
				CLANG_WARN_INT_CONVERSION = YES;
				CLANG_WARN_OBJC_ROOT_CLASS = YES_ERROR;
				CLANG_WARN_SUSPICIOUS_MOVES = YES;
				CLANG_WARN_UNREACHABLE_CODE = YES;
				CLANG_WARN__DUPLICATE_METHOD_MATCH = YES;
				"CODE_SIGN_IDENTITY[sdk=iphoneos*]" = "iPhone Developer";
				COPY_PHASE_STRIP = NO;
				DEBUG_INFORMATION_FORMAT = "dwarf-with-dsym";
				ENABLE_NS_ASSERTIONS = NO;
				ENABLE_STRICT_OBJC_MSGSEND = YES;
				GCC_C_LANGUAGE_STANDARD = gnu99;
				GCC_NO_COMMON_BLOCKS = YES;
				GCC_WARN_64_TO_32_BIT_CONVERSION = YES;
				GCC_WARN_ABOUT_RETURN_TYPE = YES_ERROR;
				GCC_WARN_UNDECLARED_SELECTOR = YES;
				GCC_WARN_UNINITIALIZED_AUTOS = YES_AGGRESSIVE;
				GCC_WARN_UNUSED_FUNCTION = YES;
				GCC_WARN_UNUSED_VARIABLE = YES;
				IPHONEOS_DEPLOYMENT_TARGET = 10.1;
				MTL_ENABLE_DEBUG_INFO = NO;
				SDKROOT = iphoneos;
				VALIDATE_PRODUCT = YES;
			};
			name = Release;
		};
		A84ADA891DCDC99C0036BF0A /* Debug */ = {
			isa = XCBuildConfiguration;
			baseConfigurationReference = EA19938CC529974DA5BC139C /* Pods-LiuChaoWeibo.debug.xcconfig */;
			buildSettings = {
				ASSETCATALOG_COMPILER_APPICON_NAME = AppIcon;
				ASSETCATALOG_COMPILER_LAUNCHIMAGE_NAME = LaunchImage;
				INFOPLIST_FILE = LiuChaoWeibo/Info.plist;
				IPHONEOS_DEPLOYMENT_TARGET = 8.0;
				LD_RUNPATH_SEARCH_PATHS = "$(inherited) @executable_path/Frameworks";
				PRODUCT_BUNDLE_IDENTIFIER = fad.LiuChaoWeibo;
				PRODUCT_NAME = "$(TARGET_NAME)";
			};
			name = Debug;
		};
		A84ADA8A1DCDC99C0036BF0A /* Release */ = {
			isa = XCBuildConfiguration;
			baseConfigurationReference = B00750080AFBE09C06F20B46 /* Pods-LiuChaoWeibo.release.xcconfig */;
			buildSettings = {
				ASSETCATALOG_COMPILER_APPICON_NAME = AppIcon;
				ASSETCATALOG_COMPILER_LAUNCHIMAGE_NAME = LaunchImage;
				INFOPLIST_FILE = LiuChaoWeibo/Info.plist;
				IPHONEOS_DEPLOYMENT_TARGET = 8.0;
				LD_RUNPATH_SEARCH_PATHS = "$(inherited) @executable_path/Frameworks";
				PRODUCT_BUNDLE_IDENTIFIER = fad.LiuChaoWeibo;
				PRODUCT_NAME = "$(TARGET_NAME)";
			};
			name = Release;
		};
/* End XCBuildConfiguration section */

/* Begin XCConfigurationList section */
		A84ADA6C1DCDC99C0036BF0A /* Build configuration list for PBXProject "LiuChaoWeibo" */ = {
			isa = XCConfigurationList;
			buildConfigurations = (
				A84ADA861DCDC99C0036BF0A /* Debug */,
				A84ADA871DCDC99C0036BF0A /* Release */,
			);
			defaultConfigurationIsVisible = 0;
			defaultConfigurationName = Release;
		};
		A84ADA881DCDC99C0036BF0A /* Build configuration list for PBXNativeTarget "LiuChaoWeibo" */ = {
			isa = XCConfigurationList;
			buildConfigurations = (
				A84ADA891DCDC99C0036BF0A /* Debug */,
				A84ADA8A1DCDC99C0036BF0A /* Release */,
			);
			defaultConfigurationIsVisible = 0;
			defaultConfigurationName = Release;
		};
/* End XCConfigurationList section */
	};
	rootObject = A84ADA691DCDC99C0036BF0A /* Project object */;
}
